{
  "version": 4,
  "terraform_version": "1.11.4",
  "serial": 28,
  "lineage": "5cad6d2d-bca7-47dd-1adb-7118082d29a8",
  "outputs": {},
  "resources": [
    {
      "mode": "data",
      "type": "iosxe_mdt_subscription",
      "name": "example100",
      "provider": "provider[\"registry.terraform.io/ciscodevnet/iosxe\"]",
      "instances": [
        {
          "schema_version": 0,
          "attributes": {
            "device": null,
            "encoding": null,
            "filter_xpath": null,
            "id": "Cisco-IOS-XE-mdt-cfg:mdt-config-data/mdt-subscription=0",
            "receivers": null,
            "source_address": null,
            "source_vrf": null,
            "stream": null,
            "subscription_id": null,
            "update_policy_on_change": null,
            "update_policy_periodic": null
          },
          "sensitive_attributes": []
        }
      ]
    },
    {
      "mode": "data",
      "type": "iosxe_mdt_subscription",
      "name": "example101",
      "provider": "provider[\"registry.terraform.io/ciscodevnet/iosxe\"]",
      "instances": [
        {
          "schema_version": 0,
          "attributes": {
            "device": null,
            "encoding": null,
            "filter_xpath": null,
            "id": "Cisco-IOS-XE-mdt-cfg:mdt-config-data/mdt-subscription=0",
            "receivers": null,
            "source_address": null,
            "source_vrf": null,
            "stream": null,
            "subscription_id": null,
            "update_policy_on_change": null,
            "update_policy_periodic": null
          },
          "sensitive_attributes": []
        }
      ]
    },
    {
      "mode": "data",
      "type": "iosxe_mdt_subscription",
      "name": "example102",
      "provider": "provider[\"registry.terraform.io/ciscodevnet/iosxe\"]",
      "instances": [
        {
          "schema_version": 0,
          "attributes": {
            "device": null,
            "encoding": null,
            "filter_xpath": null,
            "id": "Cisco-IOS-XE-mdt-cfg:mdt-config-data/mdt-subscription=0",
            "receivers": null,
            "source_address": null,
            "source_vrf": null,
            "stream": null,
            "subscription_id": null,
            "update_policy_on_change": null,
            "update_policy_periodic": null
          },
          "sensitive_attributes": []
        }
      ]
    },
    {
      "mode": "data",
      "type": "iosxe_mdt_subscription",
      "name": "example103",
      "provider": "provider[\"registry.terraform.io/ciscodevnet/iosxe\"]",
      "instances": [
        {
          "schema_version": 0,
          "attributes": {
            "device": null,
            "encoding": null,
            "filter_xpath": null,
            "id": "Cisco-IOS-XE-mdt-cfg:mdt-config-data/mdt-subscription=0",
            "receivers": null,
            "source_address": null,
            "source_vrf": null,
            "stream": null,
            "subscription_id": null,
            "update_policy_on_change": null,
            "update_policy_periodic": null
          },
          "sensitive_attributes": []
        }
      ]
    },
    {
      "mode": "data",
      "type": "iosxe_mdt_subscription",
      "name": "example104",
      "provider": "provider[\"registry.terraform.io/ciscodevnet/iosxe\"]",
      "instances": [
        {
          "schema_version": 0,
          "attributes": {
            "device": null,
            "encoding": null,
            "filter_xpath": null,
            "id": "Cisco-IOS-XE-mdt-cfg:mdt-config-data/mdt-subscription=0",
            "receivers": null,
            "source_address": null,
            "source_vrf": null,
            "stream": null,
            "subscription_id": null,
            "update_policy_on_change": null,
            "update_policy_periodic": null
          },
          "sensitive_attributes": []
        }
      ]
    },
    {
      "mode": "managed",
      "type": "iosxe_mdt_subscription",
      "name": "cpu_subs",
      "provider": "provider[\"registry.terraform.io/ciscodevnet/iosxe\"]",
      "instances": [
        {
          "index_key": "100",
          "schema_version": 0,
          "attributes": {
            "device": null,
            "encoding": "encode-kvgpb",
            "filter_xpath": "/process-cpu-ios-xe-oper:cpu-usage/cpu-utilization/five-seconds",
            "id": "Cisco-IOS-XE-mdt-cfg:mdt-config-data/mdt-subscription=100",
            "receivers": [
              {
                "address": "10.1.1.3",
                "port": 57500,
                "protocol": "grpc-tcp"
              }
            ],
            "source_address": "10.1.1.5",
            "source_vrf": null,
            "stream": "yang-push",
            "subscription_id": 100,
            "update_policy_on_change": null,
            "update_policy_periodic": 3000
          },
          "sensitive_attributes": [],
          "private": "eyJpbXBvcnRpbmciOiJNQT09In0="
        },
        {
          "index_key": "101",
          "schema_version": 0,
          "attributes": {
            "device": null,
            "encoding": "encode-kvgpb",
            "filter_xpath": "/process-cpu-ios-xe-oper:cpu-usage/cpu-utilization/one-minute",
            "id": "Cisco-IOS-XE-mdt-cfg:mdt-config-data/mdt-subscription=101",
            "receivers": [
              {
                "address": "10.1.1.3",
                "port": 57500,
                "protocol": "grpc-tcp"
              }
            ],
            "source_address": "10.1.1.5",
            "source_vrf": null,
            "stream": "yang-push",
            "subscription_id": 101,
            "update_policy_on_change": null,
            "update_policy_periodic": 3000
          },
          "sensitive_attributes": [],
          "private": "eyJpbXBvcnRpbmciOiJNQT09In0="
        },
        {
          "index_key": "102",
          "schema_version": 0,
          "attributes": {
            "device": null,
            "encoding": "encode-kvgpb",
            "filter_xpath": "/process-cpu-ios-xe-oper:cpu-usage/cpu-utilization/five-minutes",
            "id": "Cisco-IOS-XE-mdt-cfg:mdt-config-data/mdt-subscription=102",
            "receivers": [
              {
                "address": "10.1.1.3",
                "port": 57500,
                "protocol": "grpc-tcp"
              }
            ],
            "source_address": "10.1.1.5",
            "source_vrf": null,
            "stream": "yang-push",
            "subscription_id": 102,
            "update_policy_on_change": null,
            "update_policy_periodic": 3000
          },
          "sensitive_attributes": [],
          "private": "eyJpbXBvcnRpbmciOiJNQT09In0="
        }
      ]
    },
    {
      "mode": "managed",
      "type": "iosxe_mdt_subscription",
      "name": "example",
      "provider": "provider[\"registry.terraform.io/ciscodevnet/iosxe\"]",
      "instances": [
        {
          "index_key": "103",
          "schema_version": 0,
          "attributes": {
            "device": null,
            "encoding": "encode-kvgpb",
            "filter_xpath": "/environment-ios-xe-oper:environment-sensors",
            "id": "Cisco-IOS-XE-mdt-cfg:mdt-config-data/mdt-subscription=103",
            "receivers": [
              {
                "address": "10.1.1.3",
                "port": 57500,
                "protocol": "grpc-tcp"
              }
            ],
            "source_address": "10.1.1.5",
            "source_vrf": null,
            "stream": "yang-push",
            "subscription_id": 103,
            "update_policy_on_change": null,
            "update_policy_periodic": 3000
          },
          "sensitive_attributes": [],
          "private": "eyJpbXBvcnRpbmciOiJNQT09In0="
        },
        {
          "index_key": "104",
          "schema_version": 0,
          "attributes": {
            "device": null,
            "encoding": "encode-kvgpb",
            "filter_xpath": "/interfaces-ios-xe-oper:interfaces",
            "id": "Cisco-IOS-XE-mdt-cfg:mdt-config-data/mdt-subscription=104",
            "receivers": [
              {
                "address": "10.1.1.3",
                "port": 57500,
                "protocol": "grpc-tcp"
              }
            ],
            "source_address": "10.1.1.5",
            "source_vrf": null,
            "stream": "yang-push",
            "subscription_id": 104,
            "update_policy_on_change": null,
            "update_policy_periodic": 3000
          },
          "sensitive_attributes": [],
          "private": "eyJpbXBvcnRpbmciOiJNQT09In0="
        }
      ]
    }
  ],
  "check_results": null
}
